
Microsoft Visual Studio Solution File, Format Version 12.00
# Visual Studio Version 17
VisualStudioVersion = 17.1.32421.90
MinimumVisualStudioVersion = 10.0.40219.1
Project("{FAE04EC0-301F-11D3-BF4B-00C04F79EFBC}") = "Food _Cour_ Managemen_ System", "Food _Cour_ Managemen_ System.csproj", "{058B46B4-345D-4060-B763-ABDCE20FF5B5}"
EndProject
Global
	GlobalSection(SolutionConfigurationPlatforms) = preSolution
		Debug|Any CPU = Debug|Any CPU
		Release|Any CPU = Release|Any CPU
	EndGlobalSection
	GlobalSection(ProjectConfigurationPlatforms) = postSolution
		{058B46B4-345D-4060-B763-ABDCE20FF5B5}.Debug|Any CPU.ActiveCfg = Debug|Any CPU
		{058B46B4-345D-4060-B763-ABDCE20FF5B5}.Debug|Any CPU.Build.0 = Debug|Any CPU
		{058B46B4-345D-4060-B763-ABDCE20FF5B5}.Release|Any CPU.ActiveCfg = Release|Any CPU
		{058B46B4-345D-4060-B763-ABDCE20FF5B5}.Release|Any CPU.Build.0 = Release|Any CPU
	EndGlobalSection
	GlobalSection(SolutionProperties) = preSolution
		HideSolutionNode = FALSE
	EndGlobalSection
	GlobalSection(ExtensibilityGlobals) = postSolution
		SolutionGuid = {D0508936-1247-4E59-BB61-ADFFC0CE2268}
	EndGlobalSection
EndGlobal
